// !$*UTF8*$!
{
	archiveVersion = 1;
	classes = {
	};
	objectVersion = 50;
	objects = {

/* Begin PBXBuildFile section */
		46BABADF8416FB67449E5E1F /* Pods_BreakPoint.framework in Frameworks */ = {isa = PBXBuildFile; fileRef = 983368450291E860E0D227EF /* Pods_BreakPoint.framework */; };
		801303C7217199C400028409 /* MeVC.swift in Sources */ = {isa = PBXBuildFile; fileRef = 801303C6217199C400028409 /* MeVC.swift */; };
		801303C92171FE8100028409 /* PostVC.swift in Sources */ = {isa = PBXBuildFile; fileRef = 801303C82171FE8100028409 /* PostVC.swift */; };
		801303CB21721BC200028409 /* UIViewExt.swift in Sources */ = {isa = PBXBuildFile; fileRef = 801303CA21721BC200028409 /* UIViewExt.swift */; };
		801303CF2172449500028409 /* FeedCell.swift in Sources */ = {isa = PBXBuildFile; fileRef = 801303CE2172449500028409 /* FeedCell.swift */; };
		801303D12172647600028409 /* Message.swift in Sources */ = {isa = PBXBuildFile; fileRef = 801303D02172647600028409 /* Message.swift */; };
		801303D3217298AE00028409 /* CreateGroupVC.swift in Sources */ = {isa = PBXBuildFile; fileRef = 801303D2217298AE00028409 /* CreateGroupVC.swift */; };
		801303D521729E4600028409 /* UserCell.swift in Sources */ = {isa = PBXBuildFile; fileRef = 801303D421729E4600028409 /* UserCell.swift */; };
		801303D72173B20400028409 /* GroupCell.swift in Sources */ = {isa = PBXBuildFile; fileRef = 801303D62173B20400028409 /* GroupCell.swift */; };
		801303D92173B91900028409 /* Group.swift in Sources */ = {isa = PBXBuildFile; fileRef = 801303D82173B91900028409 /* Group.swift */; };
		8066908C216F24C500342431 /* AppDelegate.swift in Sources */ = {isa = PBXBuildFile; fileRef = 8066908B216F24C500342431 /* AppDelegate.swift */; };
		8066908E216F24C500342431 /* FeedVC.swift in Sources */ = {isa = PBXBuildFile; fileRef = 8066908D216F24C500342431 /* FeedVC.swift */; };
		80669090216F24C500342431 /* GroupsVC.swift in Sources */ = {isa = PBXBuildFile; fileRef = 8066908F216F24C500342431 /* GroupsVC.swift */; };
		80669093216F24C500342431 /* Main.storyboard in Resources */ = {isa = PBXBuildFile; fileRef = 80669091216F24C500342431 /* Main.storyboard */; };
		80669095216F24C700342431 /* Assets.xcassets in Resources */ = {isa = PBXBuildFile; fileRef = 80669094216F24C700342431 /* Assets.xcassets */; };
		80669098216F24C700342431 /* LaunchScreen.storyboard in Resources */ = {isa = PBXBuildFile; fileRef = 80669096216F24C700342431 /* LaunchScreen.storyboard */; };
		806690A5216F264600342431 /* GoogleService-Info.plist in Resources */ = {isa = PBXBuildFile; fileRef = 806690A4216F264600342431 /* GoogleService-Info.plist */; };
		806690A7216F788400342431 /* DataService.swift in Sources */ = {isa = PBXBuildFile; fileRef = 806690A6216F788400342431 /* DataService.swift */; };
		806690A9216FAD1D00342431 /* AuthVC.swift in Sources */ = {isa = PBXBuildFile; fileRef = 806690A8216FAD1D00342431 /* AuthVC.swift */; };
		806690AB216FAD4500342431 /* LoginVC.swift in Sources */ = {isa = PBXBuildFile; fileRef = 806690AA216FAD4500342431 /* LoginVC.swift */; };
		806690AD216FAEE900342431 /* AuthService.swift in Sources */ = {isa = PBXBuildFile; fileRef = 806690AC216FAEE900342431 /* AuthService.swift */; };
		80C5DAD02174A56A00B5BEBA /* GroupFeedCell.swift in Sources */ = {isa = PBXBuildFile; fileRef = 80C5DACF2174A56A00B5BEBA /* GroupFeedCell.swift */; };
		80C5DAD22174A7E000B5BEBA /* GroupFeedVC.swift in Sources */ = {isa = PBXBuildFile; fileRef = 80C5DAD12174A7E000B5BEBA /* GroupFeedVC.swift */; };
		80C5DAD42175D19800B5BEBA /* UIViewControllerExt.swift in Sources */ = {isa = PBXBuildFile; fileRef = 80C5DAD32175D19800B5BEBA /* UIViewControllerExt.swift */; };
/* End PBXBuildFile section */

/* Begin PBXFileReference section */
		51F270AEE9867DC47CAD5F82 /* Pods-BreakPoint.release.xcconfig */ = {isa = PBXFileReference; includeInIndex = 1; lastKnownFileType = text.xcconfig; name = "Pods-BreakPoint.release.xcconfig"; path = "Pods/Target Support Files/Pods-BreakPoint/Pods-BreakPoint.release.xcconfig"; sourceTree = "<group>"; };
		73980A51DD68A4ADB8DDB0DF /* Pods-BreakPoint.debug.xcconfig */ = {isa = PBXFileReference; includeInIndex = 1; lastKnownFileType = text.xcconfig; name = "Pods-BreakPoint.debug.xcconfig"; path = "Pods/Target Support Files/Pods-BreakPoint/Pods-BreakPoint.debug.xcconfig"; sourceTree = "<group>"; };
		801303C6217199C400028409 /* MeVC.swift */ = {isa = PBXFileReference; lastKnownFileType = sourcecode.swift; path = MeVC.swift; sourceTree = "<group>"; };
		801303C82171FE8100028409 /* PostVC.swift */ = {isa = PBXFileReference; lastKnownFileType = sourcecode.swift; path = PostVC.swift; sourceTree = "<group>"; };
		801303CA21721BC200028409 /* UIViewExt.swift */ = {isa = PBXFileReference; lastKnownFileType = sourcecode.swift; path = UIViewExt.swift; sourceTree = "<group>"; };
		801303CE2172449500028409 /* FeedCell.swift */ = {isa = PBXFileReference; lastKnownFileType = sourcecode.swift; path = FeedCell.swift; sourceTree = "<group>"; };
		801303D02172647600028409 /* Message.swift */ = {isa = PBXFileReference; lastKnownFileType = sourcecode.swift; path = Message.swift; sourceTree = "<group>"; };
		801303D2217298AE00028409 /* CreateGroupVC.swift */ = {isa = PBXFileReference; lastKnownFileType = sourcecode.swift; path = CreateGroupVC.swift; sourceTree = "<group>"; };
		801303D421729E4600028409 /* UserCell.swift */ = {isa = PBXFileReference; lastKnownFileType = sourcecode.swift; path = UserCell.swift; sourceTree = "<group>"; };
		801303D62173B20400028409 /* GroupCell.swift */ = {isa = PBXFileReference; lastKnownFileType = sourcecode.swift; path = GroupCell.swift; sourceTree = "<group>"; };
		801303D82173B91900028409 /* Group.swift */ = {isa = PBXFileReference; lastKnownFileType = sourcecode.swift; path = Group.swift; sourceTree = "<group>"; };
		80669088216F24C500342431 /* BreakPoint.app */ = {isa = PBXFileReference; explicitFileType = wrapper.application; includeInIndex = 0; path = BreakPoint.app; sourceTree = BUILT_PRODUCTS_DIR; };
		8066908B216F24C500342431 /* AppDelegate.swift */ = {isa = PBXFileReference; lastKnownFileType = sourcecode.swift; path = AppDelegate.swift; sourceTree = "<group>"; };
		8066908D216F24C500342431 /* FeedVC.swift */ = {isa = PBXFileReference; lastKnownFileType = sourcecode.swift; path = FeedVC.swift; sourceTree = "<group>"; };
		8066908F216F24C500342431 /* GroupsVC.swift */ = {isa = PBXFileReference; lastKnownFileType = sourcecode.swift; path = GroupsVC.swift; sourceTree = "<group>"; };
		80669092216F24C500342431 /* Base */ = {isa = PBXFileReference; lastKnownFileType = file.storyboard; name = Base; path = Base.lproj/Main.storyboard; sourceTree = "<group>"; };
		80669094216F24C700342431 /* Assets.xcassets */ = {isa = PBXFileReference; lastKnownFileType = folder.assetcatalog; path = Assets.xcassets; sourceTree = "<group>"; };
		80669097216F24C700342431 /* Base */ = {isa = PBXFileReference; lastKnownFileType = file.storyboard; name = Base; path = Base.lproj/LaunchScreen.storyboard; sourceTree = "<group>"; };
		80669099216F24C700342431 /* Info.plist */ = {isa = PBXFileReference; lastKnownFileType = text.plist.xml; path = Info.plist; sourceTree = "<group>"; };
		806690A4216F264600342431 /* GoogleService-Info.plist */ = {isa = PBXFileReference; fileEncoding = 4; lastKnownFileType = text.plist.xml; path = "GoogleService-Info.plist"; sourceTree = "<group>"; };
		806690A6216F788400342431 /* DataService.swift */ = {isa = PBXFileReference; lastKnownFileType = sourcecode.swift; path = DataService.swift; sourceTree = "<group>"; };
		806690A8216FAD1D00342431 /* AuthVC.swift */ = {isa = PBXFileReference; lastKnownFileType = sourcecode.swift; path = AuthVC.swift; sourceTree = "<group>"; };
		806690AA216FAD4500342431 /* LoginVC.swift */ = {isa = PBXFileReference; lastKnownFileType = sourcecode.swift; path = LoginVC.swift; sourceTree = "<group>"; };
		806690AC216FAEE900342431 /* AuthService.swift */ = {isa = PBXFileReference; lastKnownFileType = sourcecode.swift; path = AuthService.swift; sourceTree = "<group>"; };
		80C5DACF2174A56A00B5BEBA /* GroupFeedCell.swift */ = {isa = PBXFileReference; lastKnownFileType = sourcecode.swift; path = GroupFeedCell.swift; sourceTree = "<group>"; };
		80C5DAD12174A7E000B5BEBA /* GroupFeedVC.swift */ = {isa = PBXFileReference; lastKnownFileType = sourcecode.swift; path = GroupFeedVC.swift; sourceTree = "<group>"; };
		80C5DAD32175D19800B5BEBA /* UIViewControllerExt.swift */ = {isa = PBXFileReference; lastKnownFileType = sourcecode.swift; path = UIViewControllerExt.swift; sourceTree = "<group>"; };
		983368450291E860E0D227EF /* Pods_BreakPoint.framework */ = {isa = PBXFileReference; explicitFileType = wrapper.framework; includeInIndex = 0; path = Pods_BreakPoint.framework; sourceTree = BUILT_PRODUCTS_DIR; };
/* End PBXFileReference section */

/* Begin PBXFrameworksBuildPhase section */
		80669085216F24C500342431 /* Frameworks */ = {
			isa = PBXFrameworksBuildPhase;
			buildActionMask = 2147483647;
			files = (
				46BABADF8416FB67449E5E1F /* Pods_BreakPoint.framework in Frameworks */,
			);
			runOnlyForDeploymentPostprocessing = 0;
		};
/* End PBXFrameworksBuildPhase section */

/* Begin PBXGroup section */
		8066907F216F24C500342431 = {
			isa = PBXGroup;
			children = (
				8066908A216F24C500342431 /* BreakPoint */,
				80669089216F24C500342431 /* Products */,
				87162729BB3476D3BFBDF7C8 /* Pods */,
				C826A10A11BAF924316435CF /* Frameworks */,
			);
			sourceTree = "<group>";
		};
		80669089216F24C500342431 /* Products */ = {
			isa = PBXGroup;
			children = (
				80669088216F24C500342431 /* BreakPoint.app */,
			);
			name = Products;
			sourceTree = "<group>";
		};
		8066908A216F24C500342431 /* BreakPoint */ = {
			isa = PBXGroup;
			children = (
				806690A3216F259800342431 /* Services */,
				806690A2216F257900342431 /* Extensions */,
				806690A1216F255300342431 /* Model */,
				806690A0216F254C00342431 /* View */,
				8066909F216F253900342431 /* Controllers */,
				8066908B216F24C500342431 /* AppDelegate.swift */,
				806690A4216F264600342431 /* GoogleService-Info.plist */,
				80669091216F24C500342431 /* Main.storyboard */,
				80669094216F24C700342431 /* Assets.xcassets */,
				80669096216F24C700342431 /* LaunchScreen.storyboard */,
				80669099216F24C700342431 /* Info.plist */,
			);
			path = BreakPoint;
			sourceTree = "<group>";
		};
		8066909F216F253900342431 /* Controllers */ = {
			isa = PBXGroup;
			children = (
				8066908D216F24C500342431 /* FeedVC.swift */,
				8066908F216F24C500342431 /* GroupsVC.swift */,
				806690A8216FAD1D00342431 /* AuthVC.swift */,
				806690AA216FAD4500342431 /* LoginVC.swift */,
				801303C6217199C400028409 /* MeVC.swift */,
				801303C82171FE8100028409 /* PostVC.swift */,
				801303D2217298AE00028409 /* CreateGroupVC.swift */,
				80C5DAD12174A7E000B5BEBA /* GroupFeedVC.swift */,
			);
			path = Controllers;
			sourceTree = "<group>";
		};
		806690A0216F254C00342431 /* View */ = {
			isa = PBXGroup;
			children = (
				801303CE2172449500028409 /* FeedCell.swift */,
				801303D421729E4600028409 /* UserCell.swift */,
				801303D62173B20400028409 /* GroupCell.swift */,
				80C5DACF2174A56A00B5BEBA /* GroupFeedCell.swift */,
			);
			path = View;
			sourceTree = "<group>";
		};
		806690A1216F255300342431 /* Model */ = {
			isa = PBXGroup;
			children = (
				801303D02172647600028409 /* Message.swift */,
				801303D82173B91900028409 /* Group.swift */,
			);
			path = Model;
			sourceTree = "<group>";
		};
		806690A2216F257900342431 /* Extensions */ = {
			isa = PBXGroup;
			children = (
				801303CA21721BC200028409 /* UIViewExt.swift */,
				80C5DAD32175D19800B5BEBA /* UIViewControllerExt.swift */,
			);
			path = Extensions;
			sourceTree = "<group>";
		};
		806690A3216F259800342431 /* Services */ = {
			isa = PBXGroup;
			children = (
				806690A6216F788400342431 /* DataService.swift */,
				806690AC216FAEE900342431 /* AuthService.swift */,
			);
			path = Services;
			sourceTree = "<group>";
		};
		87162729BB3476D3BFBDF7C8 /* Pods */ = {
			isa = PBXGroup;
			children = (
				73980A51DD68A4ADB8DDB0DF /* Pods-BreakPoint.debug.xcconfig */,
				51F270AEE9867DC47CAD5F82 /* Pods-BreakPoint.release.xcconfig */,
			);
			name = Pods;
			sourceTree = "<group>";
		};
		C826A10A11BAF924316435CF /* Frameworks */ = {
			isa = PBXGroup;
			children = (
				983368450291E860E0D227EF /* Pods_BreakPoint.framework */,
			);
			name = Frameworks;
			sourceTree = "<group>";
		};
/* End PBXGroup section */

/* Begin PBXNativeTarget section */
		80669087216F24C500342431 /* BreakPoint */ = {
			isa = PBXNativeTarget;
			buildConfigurationList = 8066909C216F24C700342431 /* Build configuration list for PBXNativeTarget "BreakPoint" */;
			buildPhases = (
				5FA8AD7F643DEEE8BE3B23D1 /* [CP] Check Pods Manifest.lock */,
				80669084216F24C500342431 /* Sources */,
				80669085216F24C500342431 /* Frameworks */,
				80669086216F24C500342431 /* Resources */,
				E606C075243E1B49E2A9B8C5 /* [CP] Embed Pods Frameworks */,
				6CE0B72EEE92181E8FF8ACF9 /* [CP] Copy Pods Resources */,
			);
			buildRules = (
			);
			dependencies = (
			);
			name = BreakPoint;
			productName = BreakPoint;
			productReference = 80669088216F24C500342431 /* BreakPoint.app */;
			productType = "com.apple.product-type.application";
		};
/* End PBXNativeTarget section */

/* Begin PBXProject section */
		80669080216F24C500342431 /* Project object */ = {
			isa = PBXProject;
			attributes = {
				LastSwiftUpdateCheck = 1000;
				LastUpgradeCheck = 1000;
				ORGANIZATIONNAME = "Vivek Rai";
				TargetAttributes = {
					80669087216F24C500342431 = {
						CreatedOnToolsVersion = 10.0;
					};
				};
			};
			buildConfigurationList = 80669083216F24C500342431 /* Build configuration list for PBXProject "BreakPoint" */;
			compatibilityVersion = "Xcode 9.3";
			developmentRegion = en;
			hasScannedForEncodings = 0;
			knownRegions = (
				en,
				Base,
			);
			mainGroup = 8066907F216F24C500342431;
			productRefGroup = 80669089216F24C500342431 /* Products */;
			projectDirPath = "";
			projectRoot = "";
			targets = (
				80669087216F24C500342431 /* BreakPoint */,
			);
		};
/* End PBXProject section */

/* Begin PBXResourcesBuildPhase section */
		80669086216F24C500342431 /* Resources */ = {
			isa = PBXResourcesBuildPhase;
			buildActionMask = 2147483647;
			files = (
				80669098216F24C700342431 /* LaunchScreen.storyboard in Resources */,
				80669095216F24C700342431 /* Assets.xcassets in Resources */,
				80669093216F24C500342431 /* Main.storyboard in Resources */,
				806690A5216F264600342431 /* GoogleService-Info.plist in Resources */,
			);
			runOnlyForDeploymentPostprocessing = 0;
		};
/* End PBXResourcesBuildPhase section */

/* Begin PBXShellScriptBuildPhase section */
		5FA8AD7F643DEEE8BE3B23D1 /* [CP] Check Pods Manifest.lock */ = {
			isa = PBXShellScriptBuildPhase;
			buildActionMask = 2147483647;
			files = (
			);
			inputPaths = (
				"${PODS_PODFILE_DIR_PATH}/Podfile.lock",
				"${PODS_ROOT}/Manifest.lock",
			);
			name = "[CP] Check Pods Manifest.lock";
			outputPaths = (
				"$(DERIVED_FILE_DIR)/Pods-BreakPoint-checkManifestLockResult.txt",
			);
			runOnlyForDeploymentPostprocessing = 0;
			shellPath = /bin/sh;
			shellScript = "diff \"${PODS_PODFILE_DIR_PATH}/Podfile.lock\" \"${PODS_ROOT}/Manifest.lock\" > /dev/null\nif [ $? != 0 ] ; then\n    # print error to STDERR\n    echo \"error: The sandbox is not in sync with the Podfile.lock. Run 'pod install' or update your CocoaPods installation.\" >&2\n    exit 1\nfi\n# This output is used by Xcode 'outputs' to avoid re-running this script phase.\necho \"SUCCESS\" > \"${SCRIPT_OUTPUT_FILE_0}\"\n";
			showEnvVarsInLog = 0;
		};
		6CE0B72EEE92181E8FF8ACF9 /* [CP] Copy Pods Resources */ = {
			isa = PBXShellScriptBuildPhase;
			buildActionMask = 2147483647;
			files = (
			);
			inputPaths = (
				"${SRCROOT}/Pods/Target Support Files/Pods-BreakPoint/Pods-BreakPoint-resources.sh",
				"${PODS_ROOT}/GoogleSignIn/Resources/GoogleSignIn.bundle",
				"${PODS_ROOT}/TwitterKit/iOS/TwitterKit.framework/TwitterKitResources.bundle",
			);
			name = "[CP] Copy Pods Resources";
			outputPaths = (
				"${TARGET_BUILD_DIR}/${UNLOCALIZED_RESOURCES_FOLDER_PATH}/GoogleSignIn.bundle",
				"${TARGET_BUILD_DIR}/${UNLOCALIZED_RESOURCES_FOLDER_PATH}/TwitterKitResources.bundle",
			);
			runOnlyForDeploymentPostprocessing = 0;
			shellPath = /bin/sh;
			shellScript = "\"${SRCROOT}/Pods/Target Support Files/Pods-BreakPoint/Pods-BreakPoint-resources.sh\"\n";
			showEnvVarsInLog = 0;
		};
		E606C075243E1B49E2A9B8C5 /* [CP] Embed Pods Frameworks */ = {
			isa = PBXShellScriptBuildPhase;
			buildActionMask = 2147483647;
			files = (
			);
			inputPaths = (
				"${SRCROOT}/Pods/Target Support Files/Pods-BreakPoint/Pods-BreakPoint-frameworks.sh",
				"${BUILT_PRODUCTS_DIR}/Bolts/Bolts.framework",
				"${BUILT_PRODUCTS_DIR}/FBSDKCoreKit/FBSDKCoreKit.framework",
				"${BUILT_PRODUCTS_DIR}/FBSDKLoginKit/FBSDKLoginKit.framework",
				"${BUILT_PRODUCTS_DIR}/FBSDKShareKit/FBSDKShareKit.framework",
				"${BUILT_PRODUCTS_DIR}/GTMOAuth2/GTMOAuth2.framework",
				"${BUILT_PRODUCTS_DIR}/GTMSessionFetcher/GTMSessionFetcher.framework",
				"${BUILT_PRODUCTS_DIR}/GoogleToolboxForMac/GoogleToolboxForMac.framework",
				"${BUILT_PRODUCTS_DIR}/GoogleUtilities/GoogleUtilities.framework",
				"${BUILT_PRODUCTS_DIR}/SVProgressHUD/SVProgressHUD.framework",
				"${PODS_ROOT}/TwitterCore/iOS/TwitterCore.framework",
				"${PODS_ROOT}/TwitterKit/iOS/TwitterKit.framework",
				"${BUILT_PRODUCTS_DIR}/leveldb-library/leveldb.framework",
				"${BUILT_PRODUCTS_DIR}/nanopb/nanopb.framework",
			);
			name = "[CP] Embed Pods Frameworks";
			outputPaths = (
				"${TARGET_BUILD_DIR}/${FRAMEWORKS_FOLDER_PATH}/Bolts.framework",
				"${TARGET_BUILD_DIR}/${FRAMEWORKS_FOLDER_PATH}/FBSDKCoreKit.framework",
				"${TARGET_BUILD_DIR}/${FRAMEWORKS_FOLDER_PATH}/FBSDKLoginKit.framework",
				"${TARGET_BUILD_DIR}/${FRAMEWORKS_FOLDER_PATH}/FBSDKShareKit.framework",
				"${TARGET_BUILD_DIR}/${FRAMEWORKS_FOLDER_PATH}/GTMOAuth2.framework",
				"${TARGET_BUILD_DIR}/${FRAMEWORKS_FOLDER_PATH}/GTMSessionFetcher.framework",
				"${TARGET_BUILD_DIR}/${FRAMEWORKS_FOLDER_PATH}/GoogleToolboxForMac.framework",
				"${TARGET_BUILD_DIR}/${FRAMEWORKS_FOLDER_PATH}/GoogleUtilities.framework",
				"${TARGET_BUILD_DIR}/${FRAMEWORKS_FOLDER_PATH}/SVProgressHUD.framework",
				"${TARGET_BUILD_DIR}/${FRAMEWORKS_FOLDER_PATH}/TwitterCore.framework",
				"${TARGET_BUILD_DIR}/${FRAMEWORKS_FOLDER_PATH}/TwitterKit.framework",
				"${TARGET_BUILD_DIR}/${FRAMEWORKS_FOLDER_PATH}/leveldb.framework",
				"${TARGET_BUILD_DIR}/${FRAMEWORKS_FOLDER_PATH}/nanopb.framework",
			);
			runOnlyForDeploymentPostprocessing = 0;
			shellPath = /bin/sh;
			shellScript = "\"${SRCROOT}/Pods/Target Support Files/Pods-BreakPoint/Pods-BreakPoint-frameworks.sh\"\n";
			showEnvVarsInLog = 0;
		};
/* End PBXShellScriptBuildPhase section */

/* Begin PBXSourcesBuildPhase section */
		80669084216F24C500342431 /* Sources */ = {
			isa = PBXSourcesBuildPhase;
			buildActionMask = 2147483647;
			files = (
				801303D72173B20400028409 /* GroupCell.swift in Sources */,
				801303C7217199C400028409 /* MeVC.swift in Sources */,
				806690A9216FAD1D00342431 /* AuthVC.swift in Sources */,
				801303D92173B91900028409 /* Group.swift in Sources */,
				801303CB21721BC200028409 /* UIViewExt.swift in Sources */,
				80C5DAD22174A7E000B5BEBA /* GroupFeedVC.swift in Sources */,
				801303D3217298AE00028409 /* CreateGroupVC.swift in Sources */,
				80669090216F24C500342431 /* GroupsVC.swift in Sources */,
				801303CF2172449500028409 /* FeedCell.swift in Sources */,
				801303D521729E4600028409 /* UserCell.swift in Sources */,
				806690AB216FAD4500342431 /* LoginVC.swift in Sources */,
				8066908C216F24C500342431 /* AppDelegate.swift in Sources */,
				8066908E216F24C500342431 /* FeedVC.swift in Sources */,
				801303C92171FE8100028409 /* PostVC.swift in Sources */,
				80C5DAD42175D19800B5BEBA /* UIViewControllerExt.swift in Sources */,
				801303D12172647600028409 /* Message.swift in Sources */,
				80C5DAD02174A56A00B5BEBA /* GroupFeedCell.swift in Sources */,
				806690A7216F788400342431 /* DataService.swift in Sources */,
				806690AD216FAEE900342431 /* AuthService.swift in Sources */,
			);
			runOnlyForDeploymentPostprocessing = 0;
		};
/* End PBXSourcesBuildPhase section */

/* Begin PBXVariantGroup section */
		80669091216F24C500342431 /* Main.storyboard */ = {
			isa = PBXVariantGroup;
			children = (
				80669092216F24C500342431 /* Base */,
			);
			name = Main.storyboard;
			sourceTree = "<group>";
		};
		80669096216F24C700342431 /* LaunchScreen.storyboard */ = {
			isa = PBXVariantGroup;
			children = (
				80669097216F24C700342431 /* Base */,
			);
			name = LaunchScreen.storyboard;
			sourceTree = "<group>";
		};
/* End PBXVariantGroup section */

/* Begin XCBuildConfiguration section */
		8066909A216F24C700342431 /* Debug */ = {
			isa = XCBuildConfiguration;
			buildSettings = {
				ALWAYS_SEARCH_USER_PATHS = NO;
				CLANG_ANALYZER_NONNULL = YES;
				CLANG_ANALYZER_NUMBER_OBJECT_CONVERSION = YES_AGGRESSIVE;
				CLANG_CXX_LANGUAGE_STANDARD = "gnu++14";
				CLANG_CXX_LIBRARY = "libc++";
				CLANG_ENABLE_MODULES = YES;
				CLANG_ENABLE_OBJC_ARC = YES;
				CLANG_ENABLE_OBJC_WEAK = YES;
				CLANG_WARN_BLOCK_CAPTURE_AUTORELEASING = YES;
				CLANG_WARN_BOOL_CONVERSION = YES;
				CLANG_WARN_COMMA = YES;
				CLANG_WARN_CONSTANT_CONVERSION = YES;
				CLANG_WARN_DEPRECATED_OBJC_IMPLEMENTATIONS = YES;
				CLANG_WARN_DIRECT_OBJC_ISA_USAGE = YES_ERROR;
				CLANG_WARN_DOCUMENTATION_COMMENTS = YES;
				CLANG_WARN_EMPTY_BODY = YES;
				CLANG_WARN_ENUM_CONVERSION = YES;
				CLANG_WARN_INFINITE_RECURSION = YES;
				CLANG_WARN_INT_CONVERSION = YES;
				CLANG_WARN_NON_LITERAL_NULL_CONVERSION = YES;
				CLANG_WARN_OBJC_IMPLICIT_RETAIN_SELF = YES;
				CLANG_WARN_OBJC_LITERAL_CONVERSION = YES;
				CLANG_WARN_OBJC_ROOT_CLASS = YES_ERROR;
				CLANG_WARN_RANGE_LOOP_ANALYSIS = YES;
				CLANG_WARN_STRICT_PROTOTYPES = YES;
				CLANG_WARN_SUSPICIOUS_MOVE = YES;
				CLANG_WARN_UNGUARDED_AVAILABILITY = YES_AGGRESSIVE;
				CLANG_WARN_UNREACHABLE_CODE = YES;
				CLANG_WARN__DUPLICATE_METHOD_MATCH = YES;
				CODE_SIGN_IDENTITY = "iPhone Developer";
				COPY_PHASE_STRIP = NO;
				DEBUG_INFORMATION_FORMAT = dwarf;
				ENABLE_STRICT_OBJC_MSGSEND = YES;
				ENABLE_TESTABILITY = YES;
				GCC_C_LANGUAGE_STANDARD = gnu11;
				GCC_DYNAMIC_NO_PIC = NO;
				GCC_NO_COMMON_BLOCKS = YES;
				GCC_OPTIMIZATION_LEVEL = 0;
				GCC_PREPROCESSOR_DEFINITIONS = (
					"DEBUG=1",
					"$(inherited)",
				);
				GCC_WARN_64_TO_32_BIT_CONVERSION = YES;
				GCC_WARN_ABOUT_RETURN_TYPE = YES_ERROR;
				GCC_WARN_UNDECLARED_SELECTOR = YES;
				GCC_WARN_UNINITIALIZED_AUTOS = YES_AGGRESSIVE;
				GCC_WARN_UNUSED_FUNCTION = YES;
				GCC_WARN_UNUSED_VARIABLE = YES;
				IPHONEOS_DEPLOYMENT_TARGET = 12.0;
				MTL_ENABLE_DEBUG_INFO = INCLUDE_SOURCE;
				MTL_FAST_MATH = YES;
				ONLY_ACTIVE_ARCH = YES;
				SDKROOT = iphoneos;
				SWIFT_ACTIVE_COMPILATION_CONDITIONS = DEBUG;
				SWIFT_OPTIMIZATION_LEVEL = "-Onone";
			};
			name = Debug;
		};
		8066909B216F24C700342431 /* Release */ = {
			isa = XCBuildConfiguration;
			buildSettings = {
				ALWAYS_SEARCH_USER_PATHS = NO;
				CLANG_ANALYZER_NONNULL = YES;
				CLANG_ANALYZER_NUMBER_OBJECT_CONVERSION = YES_AGGRESSIVE;
				CLANG_CXX_LANGUAGE_STANDARD = "gnu++14";
				CLANG_CXX_LIBRARY = "libc++";
				CLANG_ENABLE_MODULES = YES;
				CLANG_ENABLE_OBJC_ARC = YES;
				CLANG_ENABLE_OBJC_WEAK = YES;
				CLANG_WARN_BLOCK_CAPTURE_AUTORELEASING = YES;
				CLANG_WARN_BOOL_CONVERSION = YES;
				CLANG_WARN_COMMA = YES;
				CLANG_WARN_CONSTANT_CONVERSION = YES;
				CLANG_WARN_DEPRECATED_OBJC_IMPLEMENTATIONS = YES;
				CLANG_WARN_DIRECT_OBJC_ISA_USAGE = YES_ERROR;
				CLANG_WARN_DOCUMENTATION_COMMENTS = YES;
				CLANG_WARN_EMPTY_BODY = YES;
				CLANG_WARN_ENUM_CONVERSION = YES;
				CLANG_WARN_INFINITE_RECURSION = YES;
				CLANG_WARN_INT_CONVERSION = YES;
				CLANG_WARN_NON_LITERAL_NULL_CONVERSION = YES;
				CLANG_WARN_OBJC_IMPLICIT_RETAIN_SELF = YES;
				CLANG_WARN_OBJC_LITERAL_CONVERSION = YES;
				CLANG_WARN_OBJC_ROOT_CLASS = YES_ERROR;
				CLANG_WARN_RANGE_LOOP_ANALYSIS = YES;
				CLANG_WARN_STRICT_PROTOTYPES = YES;
				CLANG_WARN_SUSPICIOUS_MOVE = YES;
				CLANG_WARN_UNGUARDED_AVAILABILITY = YES_AGGRESSIVE;
				CLANG_WARN_UNREACHABLE_CODE = YES;
				CLANG_WARN__DUPLICATE_METHOD_MATCH = YES;
				CODE_SIGN_IDENTITY = "iPhone Developer";
				COPY_PHASE_STRIP = NO;
				DEBUG_INFORMATION_FORMAT = "dwarf-with-dsym";
				ENABLE_NS_ASSERTIONS = NO;
				ENABLE_STRICT_OBJC_MSGSEND = YES;
				GCC_C_LANGUAGE_STANDARD = gnu11;
				GCC_NO_COMMON_BLOCKS = YES;
				GCC_WARN_64_TO_32_BIT_CONVERSION = YES;
				GCC_WARN_ABOUT_RETURN_TYPE = YES_ERROR;
				GCC_WARN_UNDECLARED_SELECTOR = YES;
				GCC_WARN_UNINITIALIZED_AUTOS = YES_AGGRESSIVE;
				GCC_WARN_UNUSED_FUNCTION = YES;
				GCC_WARN_UNUSED_VARIABLE = YES;
				IPHONEOS_DEPLOYMENT_TARGET = 12.0;
				MTL_ENABLE_DEBUG_INFO = NO;
				MTL_FAST_MATH = YES;
				SDKROOT = iphoneos;
				SWIFT_COMPILATION_MODE = wholemodule;
				SWIFT_OPTIMIZATION_LEVEL = "-O";
				VALIDATE_PRODUCT = YES;
			};
			name = Release;
		};
		8066909D216F24C700342431 /* Debug */ = {
			isa = XCBuildConfiguration;
			baseConfigurationReference = 73980A51DD68A4ADB8DDB0DF /* Pods-BreakPoint.debug.xcconfig */;
			buildSettings = {
				ASSETCATALOG_COMPILER_APPICON_NAME = AppIcon;
				CODE_SIGN_STYLE = Automatic;
				DEVELOPMENT_TEAM = X9VVW4ZPQS;
				INFOPLIST_FILE = BreakPoint/Info.plist;
				LD_RUNPATH_SEARCH_PATHS = (
					"$(inherited)",
					"@executable_path/Frameworks",
				);
				PRODUCT_BUNDLE_IDENTIFIER = com.vivekraibreakpoint.vivekrai.BreakPoint;
				PRODUCT_NAME = "$(TARGET_NAME)";
				SWIFT_VERSION = 4.2;
				TARGETED_DEVICE_FAMILY = "1,2";
			};
			name = Debug;
		};
		8066909E216F24C700342431 /* Release */ = {
			isa = XCBuildConfiguration;
			baseConfigurationReference = 51F270AEE9867DC47CAD5F82 /* Pods-BreakPoint.release.xcconfig */;
			buildSettings = {
				ASSETCATALOG_COMPILER_APPICON_NAME = AppIcon;
				CODE_SIGN_STYLE = Automatic;
				DEVELOPMENT_TEAM = X9VVW4ZPQS;
				INFOPLIST_FILE = BreakPoint/Info.plist;
				LD_RUNPATH_SEARCH_PATHS = (
					"$(inherited)",
					"@executable_path/Frameworks",
				);
				PRODUCT_BUNDLE_IDENTIFIER = com.vivekraibreakpoint.vivekrai.BreakPoint;
				PRODUCT_NAME = "$(TARGET_NAME)";
				SWIFT_VERSION = 4.2;
				TARGETED_DEVICE_FAMILY = "1,2";
			};
			name = Release;
		};
/* End XCBuildConfiguration section */

/* Begin XCConfigurationList section */
		80669083216F24C500342431 /* Build configuration list for PBXProject "BreakPoint" */ = {
			isa = XCConfigurationList;
			buildConfigurations = (
				8066909A216F24C700342431 /* Debug */,
				8066909B216F24C700342431 /* Release */,
			);
			defaultConfigurationIsVisible = 0;
			defaultConfigurationName = Release;
		};
		8066909C216F24C700342431 /* Build configuration list for PBXNativeTarget "BreakPoint" */ = {
			isa = XCConfigurationList;
			buildConfigurations = (
				8066909D216F24C700342431 /* Debug */,
				8066909E216F24C700342431 /* Release */,
			);
			defaultConfigurationIsVisible = 0;
			defaultConfigurationName = Release;
		};
/* End XCConfigurationList section */
	};
	rootObject = 80669080216F24C500342431 /* Project object */;
}
